
Microsoft Visual Studio Solution File, Format Version 12.00
# Visual Studio Version 17
VisualStudioVersion = 17.14.36221.1 d17.14
MinimumVisualStudioVersion = 10.0.40219.1
Project("{FAE04EC0-301F-11D3-BF4B-00C04F79EFBC}") = "lab1 kostenko", "lab1 kostenko\lab1 kostenko.csproj", "{E9663559-9BD8-4FDA-BF99-F8D94FBD9936}"
EndProject
Global
	GlobalSection(SolutionConfigurationPlatforms) = preSolution
		Debug|Any CPU = Debug|Any CPU
		Release|Any CPU = Release|Any CPU
	EndGlobalSection
	GlobalSection(ProjectConfigurationPlatforms) = postSolution
		{E9663559-9BD8-4FDA-BF99-F8D94FBD9936}.Debug|Any CPU.ActiveCfg = Debug|Any CPU
		{E9663559-9BD8-4FDA-BF99-F8D94FBD9936}.Debug|Any CPU.Build.0 = Debug|Any CPU
		{E9663559-9BD8-4FDA-BF99-F8D94FBD9936}.Release|Any CPU.ActiveCfg = Release|Any CPU
		{E9663559-9BD8-4FDA-BF99-F8D94FBD9936}.Release|Any CPU.Build.0 = Release|Any CPU
	EndGlobalSection
	GlobalSection(SolutionProperties) = preSolution
		HideSolutionNode = FALSE
	EndGlobalSection
	GlobalSection(ExtensibilityGlobals) = postSolution
		SolutionGuid = {FC96749F-0E9A-4F1A-80E6-607FDFE409F9}
	EndGlobalSection
EndGlobal
